
Microsoft Visual Studio Solution File, Format Version 12.00
# Visual Studio Version 17
VisualStudioVersion = 17.5.33414.496
MinimumVisualStudioVersion = 10.0.40219.1
Project("{FAE04EC0-301F-11D3-BF4B-00C04F79EFBC}") = "BizDoLib", "BizDoLib.csproj", "{FD51B1BD-F868-4107-9D81-0B961F2BEBA8}"
EndProject
Global
	GlobalSection(SolutionConfigurationPlatforms) = preSolution
		Debug|Any CPU = Debug|Any CPU
		Release|Any CPU = Release|Any CPU
	EndGlobalSection
	GlobalSection(ProjectConfigurationPlatforms) = postSolution
		{FD51B1BD-F868-4107-9D81-0B961F2BEBA8}.Debug|Any CPU.ActiveCfg = Debug|Any CPU
		{FD51B1BD-F868-4107-9D81-0B961F2BEBA8}.Debug|Any CPU.Build.0 = Debug|Any CPU
		{FD51B1BD-F868-4107-9D81-0B961F2BEBA8}.Release|Any CPU.ActiveCfg = Release|Any CPU
		{FD51B1BD-F868-4107-9D81-0B961F2BEBA8}.Release|Any CPU.Build.0 = Release|Any CPU
	EndGlobalSection
	GlobalSection(SolutionProperties) = preSolution
		HideSolutionNode = FALSE
	EndGlobalSection
	GlobalSection(ExtensibilityGlobals) = postSolution
		SolutionGuid = {A47BA981-4BF2-4085-873C-300F42A786B0}
	EndGlobalSection
EndGlobal
